
Microsoft Visual Studio Solution File, Format Version 12.00
# Visual Studio 15
VisualStudioVersion = 15.0.27703.2047
MinimumVisualStudioVersion = 10.0.40219.1
Project("{FAE04EC0-301F-11D3-BF4B-00C04F79EFBC}") = "NHibernateWebApp", "NHibernateWebApp\NHibernateWebApp.csproj", "{A0A65982-7019-4DC7-98C4-ADB3D092433D}"
EndProject
Global
	GlobalSection(SolutionConfigurationPlatforms) = preSolution
		Debug|Any CPU = Debug|Any CPU
		Release|Any CPU = Release|Any CPU
	EndGlobalSection
	GlobalSection(ProjectConfigurationPlatforms) = postSolution
		{A0A65982-7019-4DC7-98C4-ADB3D092433D}.Debug|Any CPU.ActiveCfg = Debug|Any CPU
		{A0A65982-7019-4DC7-98C4-ADB3D092433D}.Debug|Any CPU.Build.0 = Debug|Any CPU
		{A0A65982-7019-4DC7-98C4-ADB3D092433D}.Release|Any CPU.ActiveCfg = Release|Any CPU
		{A0A65982-7019-4DC7-98C4-ADB3D092433D}.Release|Any CPU.Build.0 = Release|Any CPU
	EndGlobalSection
	GlobalSection(SolutionProperties) = preSolution
		HideSolutionNode = FALSE
	EndGlobalSection
	GlobalSection(ExtensibilityGlobals) = postSolution
		SolutionGuid = {2AC8DECF-3320-48CB-883C-B1EE84761A86}
	EndGlobalSection
EndGlobal
